
Microsoft Visual Studio Solution File, Format Version 12.00
# Visual Studio Version 16
VisualStudioVersion = 16.0.30611.23
MinimumVisualStudioVersion = 10.0.40219.1
Project("{FAE04EC0-301F-11D3-BF4B-00C04F79EFBC}") = "FactsAboutMe.Android", "FactsAboutMe\FactsAboutMe.Android\FactsAboutMe.Android.csproj", "{E1885A4E-FFCA-4DD0-8C1B-5226060D85DD}"
EndProject
Project("{FAE04EC0-301F-11D3-BF4B-00C04F79EFBC}") = "FactsAboutMe", "FactsAboutMe\FactsAboutMe\FactsAboutMe.csproj", "{825CC612-8F33-44EE-8763-2C9076F1E16C}"
EndProject
Global
	GlobalSection(SolutionConfigurationPlatforms) = preSolution
		Debug|Any CPU = Debug|Any CPU
		Release|Any CPU = Release|Any CPU
	EndGlobalSection
	GlobalSection(ProjectConfigurationPlatforms) = postSolution
		{E1885A4E-FFCA-4DD0-8C1B-5226060D85DD}.Debug|Any CPU.ActiveCfg = Debug|Any CPU
		{E1885A4E-FFCA-4DD0-8C1B-5226060D85DD}.Debug|Any CPU.Build.0 = Debug|Any CPU
		{E1885A4E-FFCA-4DD0-8C1B-5226060D85DD}.Debug|Any CPU.Deploy.0 = Debug|Any CPU
		{E1885A4E-FFCA-4DD0-8C1B-5226060D85DD}.Release|Any CPU.ActiveCfg = Release|Any CPU
		{E1885A4E-FFCA-4DD0-8C1B-5226060D85DD}.Release|Any CPU.Build.0 = Release|Any CPU
		{E1885A4E-FFCA-4DD0-8C1B-5226060D85DD}.Release|Any CPU.Deploy.0 = Release|Any CPU
		{825CC612-8F33-44EE-8763-2C9076F1E16C}.Debug|Any CPU.ActiveCfg = Debug|Any CPU
		{825CC612-8F33-44EE-8763-2C9076F1E16C}.Debug|Any CPU.Build.0 = Debug|Any CPU
		{825CC612-8F33-44EE-8763-2C9076F1E16C}.Debug|Any CPU.Deploy.0 = Debug|Any CPU
		{825CC612-8F33-44EE-8763-2C9076F1E16C}.Release|Any CPU.ActiveCfg = Release|Any CPU
		{825CC612-8F33-44EE-8763-2C9076F1E16C}.Release|Any CPU.Build.0 = Release|Any CPU
		{825CC612-8F33-44EE-8763-2C9076F1E16C}.Release|Any CPU.Deploy.0 = Release|Any CPU
	EndGlobalSection
	GlobalSection(SolutionProperties) = preSolution
		HideSolutionNode = FALSE
	EndGlobalSection
	GlobalSection(ExtensibilityGlobals) = postSolution
		SolutionGuid = {2D85F52C-B860-41F6-9DCA-77B59C4DED63}
	EndGlobalSection
EndGlobal
